<?xml version="1.0" encoding="UTF-8"?>
<Scheme
   LastUpgradeVersion = "2630"
   version = "1.7">
   <BuildAction
      parallelizeBuildables = "YES"
      buildImplicitDependencies = "YES"
      buildArchitectures = "Automatic">
      <BuildActionEntries>
         <BuildActionEntry
            buildForTesting = "YES"
            buildForRunning = "YES"
            buildForProfiling = "YES"
            buildForArchiving = "YES"
            buildForAnalyzing = "YES">
            <BuildableReference
               BuildableIdentifier = "primary"
               BlueprintIdentifier = "FA50EB4D2F65E37800EAC905"
               BuildableName = "PluckIt.Mac.app"
               BlueprintName = "PluckIt.Mac"
               ReferencedContainer = "container:PluckIt.Mobile.xcodeproj">
            </BuildableReference>
         </BuildActionEntry>
      </BuildActionEntries>
   </BuildAction>
   <TestAction
      buildConfiguration = "Debug"
      selectedDebuggerIdentifier = "Xcode.DebuggerFoundation.Debugger.LLDB"
      selectedLauncherIdentifier = "Xcode.DebuggerFoundation.Launcher.LLDB"
      shouldUseLaunchSchemeArgsEnv = "YES"
      shouldAutocreateTestPlan = "YES">
      <Testables>
         <TestableReference
            skipped = "NO"
            parallelizable = "YES">
            <BuildableReference
               BuildableIdentifier = "primary"
               BlueprintIdentifier = "FA50EB5B2F65E37A00EAC905"
               BuildableName = "PluckIt.MacTests.xctest"
               BlueprintName = "PluckIt.MacTests"
               ReferencedContainer = "container:PluckIt.Mobile.xcodeproj">
            </BuildableReference>
         </TestableReference>
         <TestableReference
            skipped = "NO"
            parallelizable = "YES">
            <BuildableReference
               BuildableIdentifier = "primary"
               BlueprintIdentifier = "FA50EB652F65E37A00EAC905"
               BuildableName = "PluckIt.MacUITests.xctest"
               BlueprintName = "PluckIt.MacUITests"
               ReferencedContainer = "container:PluckIt.Mobile.xcodeproj">
            </BuildableReference>
         </TestableReference>
      </Testables>
   </TestAction>
   <LaunchAction
      buildConfiguration = "Debug"
      selectedDebuggerIdentifier = "Xcode.DebuggerFoundation.Debugger.LLDB"
      selectedLauncherIdentifier = "Xcode.DebuggerFoundation.Launcher.LLDB"
      launchStyle = "0"
      useCustomWorkingDirectory = "NO"
      ignoresPersistentStateOnLaunch = "NO"
      debugDocumentVersioning = "YES"
      debugServiceExtension = "internal"
      allowLocationSimulation = "YES">
      <BuildableProductRunnable
         runnableDebuggingMode = "0">
         <BuildableReference
            BuildableIdentifier = "primary"
            BlueprintIdentifier = "FA50EB4D2F65E37800EAC905"
            BuildableName = "PluckIt.Mac.app"
            BlueprintName = "PluckIt.Mac"
            ReferencedContainer = "container:PluckIt.Mobile.xcodeproj">
         </BuildableReference>
      </BuildableProductRunnable>
      <EnvironmentVariables>
         <EnvironmentVariable
            key = "PLUCKIT_USE_LOCAL_BACKEND"
            value = "false"
            isEnabled = "YES">
         </EnvironmentVariable>
         <EnvironmentVariable
            key = "PLUCKIT_API_URL"
            value = "https://pluckit-prod-api-func.azurewebsites.net"
            isEnabled = "YES">
         </EnvironmentVariable>
         <EnvironmentVariable
            key = "PLUCKIT_CHAT_API_URL"
            value = "https://pluckit-prod-processor-func.azurewebsites.net"
            isEnabled = "YES">
         </EnvironmentVariable>
         <EnvironmentVariable
            key = "PLUCKIT_SKIP_AUTH_HEADER"
            value = "false"
            isEnabled = "YES">
         </EnvironmentVariable>
         <EnvironmentVariable
            key = "PLUCKIT_USE_MOCK_AUTH_FALLBACK"
            value = "false"
            isEnabled = "YES">
         </EnvironmentVariable>
         <EnvironmentVariable
            key = "PLUCKIT_LOCAL_USER_ID"
            value = ""
            isEnabled = "YES">
         </EnvironmentVariable>
         <EnvironmentVariable
            key = "PLUCKIT_LOCAL_USER_EMAIL"
            value = ""
            isEnabled = "YES">
         </EnvironmentVariable>
         <EnvironmentVariable
            key = "PLUCKIT_LOCAL_USER_NAME"
            value = ""
            isEnabled = "YES">
         </EnvironmentVariable>
         <EnvironmentVariable
            key = "PLUCKIT_LOCAL_AUTH_TOKEN"
            value = ""
            isEnabled = "YES">
         </EnvironmentVariable>
         <EnvironmentVariable
            key = "PLUCKIT_TOKEN_RELAY_PATH"
            value = "/api/auth/mobile-token"
            isEnabled = "YES">
         </EnvironmentVariable>
         <EnvironmentVariable
            key = "PLUCKIT_API_BASE_URL"
            value = "https://pluckit-prod-api-func.azurewebsites.net"
            isEnabled = "YES">
         </EnvironmentVariable>
         <EnvironmentVariable
            key = "PLUCKIT_PROCESSOR_BASE_URL"
            value = "https://pluckit-prod-processor-func.azurewebsites.net"
            isEnabled = "YES">
         </EnvironmentVariable>
         <EnvironmentVariable
            key = "PLUCKIT_GOOGLE_CLIENT_ID"
            value = "20801742779-kga3brkda6p3ffdn9arso6ero5mtls2k.apps.googleusercontent.com"
            isEnabled = "YES">
         </EnvironmentVariable>
      </EnvironmentVariables>
   </LaunchAction>
   <ProfileAction
      buildConfiguration = "Release"
      shouldUseLaunchSchemeArgsEnv = "YES"
      savedToolIdentifier = ""
      useCustomWorkingDirectory = "NO"
      debugDocumentVersioning = "YES">
      <BuildableProductRunnable
         runnableDebuggingMode = "0">
         <BuildableReference
            BuildableIdentifier = "primary"
            BlueprintIdentifier = "FA50EB4D2F65E37800EAC905"
            BuildableName = "PluckIt.Mac.app"
            BlueprintName = "PluckIt.Mac"
            ReferencedContainer = "container:PluckIt.Mobile.xcodeproj">
         </BuildableReference>
      </BuildableProductRunnable>
   </ProfileAction>
   <AnalyzeAction
      buildConfiguration = "Debug">
   </AnalyzeAction>
   <ArchiveAction
      buildConfiguration = "Release"
      revealArchiveInOrganizer = "YES">
   </ArchiveAction>
</Scheme>
